
Microsoft Visual Studio Solution File, Format Version 12.00
# Visual Studio Version 16
VisualStudioVersion = 16.0.31025.194
MinimumVisualStudioVersion = 10.0.40219.1
Project("{9A19103F-16F7-4668-BE54-9A1E7A4F7556}") = "TestApiUnitTest", "TestApiUnitTest\TestApiUnitTest.csproj", "{92589E16-A270-4683-8E02-DAE953E76E01}"
EndProject
Project("{FAE04EC0-301F-11D3-BF4B-00C04F79EFBC}") = "MTTApi", "MTTApi\MTTApi.csproj", "{985BD97E-9A9E-4745-8800-668A72B75F77}"
EndProject
Global
	GlobalSection(SolutionConfigurationPlatforms) = preSolution
		Debug|Any CPU = Debug|Any CPU
		Release|Any CPU = Release|Any CPU
	EndGlobalSection
	GlobalSection(ProjectConfigurationPlatforms) = postSolution
		{92589E16-A270-4683-8E02-DAE953E76E01}.Debug|Any CPU.ActiveCfg = Debug|Any CPU
		{92589E16-A270-4683-8E02-DAE953E76E01}.Debug|Any CPU.Build.0 = Debug|Any CPU
		{92589E16-A270-4683-8E02-DAE953E76E01}.Release|Any CPU.ActiveCfg = Release|Any CPU
		{92589E16-A270-4683-8E02-DAE953E76E01}.Release|Any CPU.Build.0 = Release|Any CPU
		{985BD97E-9A9E-4745-8800-668A72B75F77}.Debug|Any CPU.ActiveCfg = Debug|Any CPU
		{985BD97E-9A9E-4745-8800-668A72B75F77}.Debug|Any CPU.Build.0 = Debug|Any CPU
		{985BD97E-9A9E-4745-8800-668A72B75F77}.Release|Any CPU.ActiveCfg = Release|Any CPU
		{985BD97E-9A9E-4745-8800-668A72B75F77}.Release|Any CPU.Build.0 = Release|Any CPU
	EndGlobalSection
	GlobalSection(SolutionProperties) = preSolution
		HideSolutionNode = FALSE
	EndGlobalSection
	GlobalSection(ExtensibilityGlobals) = postSolution
		SolutionGuid = {527C8067-75D4-4909-964F-B1F17A006D91}
	EndGlobalSection
EndGlobal
